
Microsoft Visual Studio Solution File, Format Version 12.00
# Visual Studio Version 17
VisualStudioVersion = 17.11.35312.102
MinimumVisualStudioVersion = 10.0.40219.1
Project("{F184B08F-C81C-45F6-A57F-5ABD9991F28F}") = "VB Project", "VB Project.vbproj", "{E1E27A46-AD7E-4DB6-B3AD-6C214D345504}"
EndProject
Global
	GlobalSection(SolutionConfigurationPlatforms) = preSolution
		Debug|Any CPU = Debug|Any CPU
		Release|Any CPU = Release|Any CPU
	EndGlobalSection
	GlobalSection(ProjectConfigurationPlatforms) = postSolution
		{E1E27A46-AD7E-4DB6-B3AD-6C214D345504}.Debug|Any CPU.ActiveCfg = Debug|Any CPU
		{E1E27A46-AD7E-4DB6-B3AD-6C214D345504}.Debug|Any CPU.Build.0 = Debug|Any CPU
		{E1E27A46-AD7E-4DB6-B3AD-6C214D345504}.Release|Any CPU.ActiveCfg = Release|Any CPU
		{E1E27A46-AD7E-4DB6-B3AD-6C214D345504}.Release|Any CPU.Build.0 = Release|Any CPU
	EndGlobalSection
	GlobalSection(SolutionProperties) = preSolution
		HideSolutionNode = FALSE
	EndGlobalSection
	GlobalSection(ExtensibilityGlobals) = postSolution
		SolutionGuid = {3E162C33-293F-4704-98A9-34D797DB953D}
	EndGlobalSection
EndGlobal
